{
  "version": 1,
  "dependencies": {
    "net10.0-windows7.0": {
      "DalamudPackager": {
        "type": "Direct",
        "requested": "[15.0.0, )",
        "resolved": "15.0.0",
        "contentHash": "411vwC8/X8Z/sQ2TI6v3SvOn66xFPeOjFn3Zn+h0d3Ox2t1kFm66AhDvmx/qcMwVrR+Hidxj0dadpQ2dgyXMBQ=="
      },
      "DotNet.ReproducibleBuilds": {
        "type": "Direct",
        "requested": "[1.2.39, )",
        "resolved": "1.2.39",
        "contentHash": "fcFN01tDTIQqDuTwr1jUQK/geofiwjG5DycJQOnC72i1SsLAk1ELe+apBOuZ11UMQG8YKFZG1FgvjZPbqHyatg=="
      },
      "Fody": {
        "type": "Direct",
        "requested": "[6.8.0, )",
        "resolved": "6.8.0",
        "contentHash": "hfZ/f8Mezt8aTkgv9nsvFdYoQ809/AqwsJlOGOPYIfBcG2aAIG3v3ex9d8ZqQuFYyMoucjRg4eKy3VleeGodKQ=="
      },
      "Microsoft.ML": {
        "type": "Direct",
        "requested": "[2.0.1, )",
        "resolved": "2.0.1",
        "contentHash": "yD5kWZfisykwiGG66wJToSicY9MP847Grl8kLALQyqyiyQjr408ChdGW1JG7D0wHN7Zbs1KkCZvidi6pMFYR/A==",
        "dependencies": {
          "Microsoft.ML.CpuMath": "2.0.1",
          "Microsoft.ML.DataView": "2.0.1",
          "Newtonsoft.Json": "13.0.1",
          "System.CodeDom": "4.5.0"
        }
      },
      "Resourcer.Fody": {
        "type": "Direct",
        "requested": "[1.8.1, )",
        "resolved": "1.8.1",
        "contentHash": "FPeK4jKyyX5+mIjTnHNReGZk2/2xDhmu44UsBI5w9WEhbr4oTMmht3rnBr46A+GCGepC4+2N41K4vExDYiGNVQ==",
        "dependencies": {
          "Fody": "6.6.4"
        }
      },
      "YamlDotNet": {
        "type": "Direct",
        "requested": "[13.4.0, )",
        "resolved": "13.4.0",
        "contentHash": "XkqTRgpt/tkqX9sOKcdPAZLVMktR5sBFwt7aK/PP061k9yoUntr/Qc8o9KshjSte34WYTIuCrpBs1+LwR7dFdA=="
      },
      "Microsoft.ML.CpuMath": {
        "type": "Transitive",
        "resolved": "2.0.1",
        "contentHash": "UjxC9Ju6QPqyvTkj4ggsvnsqKYnbGO1TEypDzKDiIPBGlU/t7Pvx+oV9DDVhZzDKvb34zpLhAm/g79oBuJS3aw=="
      },
      "Microsoft.ML.DataView": {
        "type": "Transitive",
        "resolved": "2.0.1",
        "contentHash": "w+GkAXlxaut65Lm+Fbp34YTfp0/9jGRn9uiVlL7Lls0/v+4IJM7SMTHfhvegPU48cyI6K2kzaK9j2Va/labhTA=="
      },
      "Newtonsoft.Json": {
        "type": "Transitive",
        "resolved": "13.0.1",
        "contentHash": "ppPFpBcvxdsfUonNcvITKqLl3bqxWbDCZIzDWHzjpdAHRFfZe0Dw9HmA0+za13IdyrgJwpkDTDA9fHaxOrt20A=="
      },
      "System.CodeDom": {
        "type": "Transitive",
        "resolved": "4.5.0",
        "contentHash": "gqpR1EeXOuzNQWL7rOzmtdIz3CaXVjSQCiaGOs2ivjPwynKSJYm39X81fdlp7WuojZs/Z5t1k5ni7HtKQurhjw=="
      },
      "nosoliciting.interface": {
        "type": "Project",
        "dependencies": {
          "Microsoft.ML": "[2.0.1, )"
        }
      }
    }
  }
}